
Microsoft Visual Studio Solution File, Format Version 12.00
# Visual Studio Version 17
VisualStudioVersion = 17.7.34018.315
MinimumVisualStudioVersion = 10.0.40219.1
Project("{FAE04EC0-301F-11D3-BF4B-00C04F79EFBC}") = "UrlShorterer", "UrlShorterer\UrlShorterer.csproj", "{80D07B39-DE14-4ADE-95EE-58E493D48F2C}"
EndProject
Global
	GlobalSection(SolutionConfigurationPlatforms) = preSolution
		Debug|Any CPU = Debug|Any CPU
		Release|Any CPU = Release|Any CPU
	EndGlobalSection
	GlobalSection(ProjectConfigurationPlatforms) = postSolution
		{80D07B39-DE14-4ADE-95EE-58E493D48F2C}.Debug|Any CPU.ActiveCfg = Debug|Any CPU
		{80D07B39-DE14-4ADE-95EE-58E493D48F2C}.Debug|Any CPU.Build.0 = Debug|Any CPU
		{80D07B39-DE14-4ADE-95EE-58E493D48F2C}.Release|Any CPU.ActiveCfg = Release|Any CPU
		{80D07B39-DE14-4ADE-95EE-58E493D48F2C}.Release|Any CPU.Build.0 = Release|Any CPU
	EndGlobalSection
	GlobalSection(SolutionProperties) = preSolution
		HideSolutionNode = FALSE
	EndGlobalSection
	GlobalSection(ExtensibilityGlobals) = postSolution
		SolutionGuid = {C78D33C0-F456-478C-B0BF-D30FA46A8345}
	EndGlobalSection
EndGlobal
